
Microsoft Visual Studio Solution File, Format Version 12.00
# Visual Studio 15
VisualStudioVersion = 15.0.28307.168
MinimumVisualStudioVersion = 10.0.40219.1
Project("{9A19103F-16F7-4668-BE54-9A1E7A4F7556}") = "Regwiz.Accounts.Dal.IntegrationTests", "Regwiz.Accounts.Dal.IntegrationTests\Regwiz.Accounts.Dal.IntegrationTests.csproj", "{947083F6-9230-4878-88D6-FCCD7DCCE651}"
EndProject
Project("{9A19103F-16F7-4668-BE54-9A1E7A4F7556}") = "bonanza.utils.core", "..\..\bonanza.utils.core\src\bonanza.utils.core\bonanza.utils.core.csproj", "{31A6A28B-0471-4862-B85D-EBDF418149F6}"
EndProject
Project("{9A19103F-16F7-4668-BE54-9A1E7A4F7556}") = "Regwiz.Accounts.Dal", "Regwiz.Accounts.Dal\Regwiz.Accounts.Dal.csproj", "{75CEFA29-A413-4963-B543-20F25FE28E20}"
EndProject
Project("{FAE04EC0-301F-11D3-BF4B-00C04F79EFBC}") = "Regwiz.Accounts.Business", "Regwiz.Accounts.Business\Regwiz.Accounts.Business.csproj", "{4C128612-66A6-4156-822E-B9418FED0EA4}"
EndProject
Project("{FAE04EC0-301F-11D3-BF4B-00C04F79EFBC}") = "Regwiz.Accounts.Api", "Regwiz.Accounts.Api\Regwiz.Accounts.Api.csproj", "{9F82F8C1-BB5E-4E5E-88AF-0DDA8A93E59C}"
EndProject
Project("{FAE04EC0-301F-11D3-BF4B-00C04F79EFBC}") = "Regwiz.Accounts.Web", "Regwiz.Accounts.Web\Regwiz.Accounts.Web.csproj", "{720535BB-0FDC-42EB-AB6E-DB53931E11B7}"
EndProject
Global
	GlobalSection(SolutionConfigurationPlatforms) = preSolution
		Debug|Any CPU = Debug|Any CPU
		Release|Any CPU = Release|Any CPU
	EndGlobalSection
	GlobalSection(ProjectConfigurationPlatforms) = postSolution
		{947083F6-9230-4878-88D6-FCCD7DCCE651}.Debug|Any CPU.ActiveCfg = Debug|Any CPU
		{947083F6-9230-4878-88D6-FCCD7DCCE651}.Debug|Any CPU.Build.0 = Debug|Any CPU
		{947083F6-9230-4878-88D6-FCCD7DCCE651}.Release|Any CPU.ActiveCfg = Release|Any CPU
		{947083F6-9230-4878-88D6-FCCD7DCCE651}.Release|Any CPU.Build.0 = Release|Any CPU
		{31A6A28B-0471-4862-B85D-EBDF418149F6}.Debug|Any CPU.ActiveCfg = Debug|Any CPU
		{31A6A28B-0471-4862-B85D-EBDF418149F6}.Debug|Any CPU.Build.0 = Debug|Any CPU
		{31A6A28B-0471-4862-B85D-EBDF418149F6}.Release|Any CPU.ActiveCfg = Release|Any CPU
		{31A6A28B-0471-4862-B85D-EBDF418149F6}.Release|Any CPU.Build.0 = Release|Any CPU
		{75CEFA29-A413-4963-B543-20F25FE28E20}.Debug|Any CPU.ActiveCfg = Debug|Any CPU
		{75CEFA29-A413-4963-B543-20F25FE28E20}.Debug|Any CPU.Build.0 = Debug|Any CPU
		{75CEFA29-A413-4963-B543-20F25FE28E20}.Release|Any CPU.ActiveCfg = Release|Any CPU
		{75CEFA29-A413-4963-B543-20F25FE28E20}.Release|Any CPU.Build.0 = Release|Any CPU
		{4C128612-66A6-4156-822E-B9418FED0EA4}.Debug|Any CPU.ActiveCfg = Debug|Any CPU
		{4C128612-66A6-4156-822E-B9418FED0EA4}.Debug|Any CPU.Build.0 = Debug|Any CPU
		{4C128612-66A6-4156-822E-B9418FED0EA4}.Release|Any CPU.ActiveCfg = Release|Any CPU
		{4C128612-66A6-4156-822E-B9418FED0EA4}.Release|Any CPU.Build.0 = Release|Any CPU
		{9F82F8C1-BB5E-4E5E-88AF-0DDA8A93E59C}.Debug|Any CPU.ActiveCfg = Debug|Any CPU
		{9F82F8C1-BB5E-4E5E-88AF-0DDA8A93E59C}.Debug|Any CPU.Build.0 = Debug|Any CPU
		{9F82F8C1-BB5E-4E5E-88AF-0DDA8A93E59C}.Release|Any CPU.ActiveCfg = Release|Any CPU
		{9F82F8C1-BB5E-4E5E-88AF-0DDA8A93E59C}.Release|Any CPU.Build.0 = Release|Any CPU
		{720535BB-0FDC-42EB-AB6E-DB53931E11B7}.Debug|Any CPU.ActiveCfg = Debug|Any CPU
		{720535BB-0FDC-42EB-AB6E-DB53931E11B7}.Debug|Any CPU.Build.0 = Debug|Any CPU
		{720535BB-0FDC-42EB-AB6E-DB53931E11B7}.Release|Any CPU.ActiveCfg = Release|Any CPU
		{720535BB-0FDC-42EB-AB6E-DB53931E11B7}.Release|Any CPU.Build.0 = Release|Any CPU
	EndGlobalSection
	GlobalSection(SolutionProperties) = preSolution
		HideSolutionNode = FALSE
	EndGlobalSection
	GlobalSection(ExtensibilityGlobals) = postSolution
		SolutionGuid = {B422E1CC-15E6-4536-909F-CC872931EBEE}
	EndGlobalSection
EndGlobal
